
Microsoft Visual Studio Solution File, Format Version 12.00
# Visual Studio Version 17
VisualStudioVersion = 17.5.33502.453
MinimumVisualStudioVersion = 10.0.40219.1
Project("{9A19103F-16F7-4668-BE54-9A1E7A4F7556}") = "ZeroWasteStore", "ZeroWasteStore\ZeroWasteStore.csproj", "{C37D40B1-F4D4-4F3F-AA50-F486C5C4E3C2}"
EndProject
Global
	GlobalSection(SolutionConfigurationPlatforms) = preSolution
		Debug|Any CPU = Debug|Any CPU
		Release|Any CPU = Release|Any CPU
	EndGlobalSection
	GlobalSection(ProjectConfigurationPlatforms) = postSolution
		{C37D40B1-F4D4-4F3F-AA50-F486C5C4E3C2}.Debug|Any CPU.ActiveCfg = Debug|Any CPU
		{C37D40B1-F4D4-4F3F-AA50-F486C5C4E3C2}.Debug|Any CPU.Build.0 = Debug|Any CPU
		{C37D40B1-F4D4-4F3F-AA50-F486C5C4E3C2}.Release|Any CPU.ActiveCfg = Release|Any CPU
		{C37D40B1-F4D4-4F3F-AA50-F486C5C4E3C2}.Release|Any CPU.Build.0 = Release|Any CPU
	EndGlobalSection
	GlobalSection(SolutionProperties) = preSolution
		HideSolutionNode = FALSE
	EndGlobalSection
	GlobalSection(ExtensibilityGlobals) = postSolution
		SolutionGuid = {18B2983F-ED7E-40B5-96DF-F44710DA3F10}
	EndGlobalSection
EndGlobal
